// !$*UTF8*$!
{
	archiveVersion = 1;
	classes = {
	};
	objectVersion = 46;
	objects = {

/* Begin PBXBuildFile section */
		3F692F271C4CA1B900B0542E /* AppDelegate.swift in Sources */ = {isa = PBXBuildFile; fileRef = 3F692F261C4CA1B900B0542E /* AppDelegate.swift */; };
		3F692F291C4CA1B900B0542E /* ViewController.swift in Sources */ = {isa = PBXBuildFile; fileRef = 3F692F281C4CA1B900B0542E /* ViewController.swift */; };
		3F692F2C1C4CA1B900B0542E /* Main.storyboard in Resources */ = {isa = PBXBuildFile; fileRef = 3F692F2A1C4CA1B900B0542E /* Main.storyboard */; };
		3F692F311C4CA1B900B0542E /* LaunchScreen.storyboard in Resources */ = {isa = PBXBuildFile; fileRef = 3F692F2F1C4CA1B900B0542E /* LaunchScreen.storyboard */; };
		3F692F3C1C4CA1B900B0542E /* IMCITests.swift in Sources */ = {isa = PBXBuildFile; fileRef = 3F692F3B1C4CA1B900B0542E /* IMCITests.swift */; };
		3FF006B11C525AF5003F2D52 /* ScrollViewController.swift in Sources */ = {isa = PBXBuildFile; fileRef = 3FF006B01C525AF5003F2D52 /* ScrollViewController.swift */; };
		3FF006B31C539069003F2D52 /* algorithm_for_early_diagnosis_hiv.png in Resources */ = {isa = PBXBuildFile; fileRef = 3FF006B21C539069003F2D52 /* algorithm_for_early_diagnosis_hiv.png */; };
/* End PBXBuildFile section */

/* Begin PBXContainerItemProxy section */
		3F692F381C4CA1B900B0542E /* PBXContainerItemProxy */ = {
			isa = PBXContainerItemProxy;
			containerPortal = 3F692F1B1C4CA1B800B0542E /* Project object */;
			proxyType = 1;
			remoteGlobalIDString = 3F692F221C4CA1B800B0542E;
			remoteInfo = IMCI;
		};
/* End PBXContainerItemProxy section */

/* Begin PBXFileReference section */
		3F692F231C4CA1B800B0542E /* IMCI.app */ = {isa = PBXFileReference; explicitFileType = wrapper.application; includeInIndex = 0; path = IMCI.app; sourceTree = BUILT_PRODUCTS_DIR; };
		3F692F261C4CA1B900B0542E /* AppDelegate.swift */ = {isa = PBXFileReference; lastKnownFileType = sourcecode.swift; path = AppDelegate.swift; sourceTree = "<group>"; };
		3F692F281C4CA1B900B0542E /* ViewController.swift */ = {isa = PBXFileReference; lastKnownFileType = sourcecode.swift; path = ViewController.swift; sourceTree = "<group>"; };
		3F692F2B1C4CA1B900B0542E /* Base */ = {isa = PBXFileReference; lastKnownFileType = file.storyboard; name = Base; path = Base.lproj/Main.storyboard; sourceTree = "<group>"; };
		3F692F301C4CA1B900B0542E /* Base */ = {isa = PBXFileReference; lastKnownFileType = file.storyboard; name = Base; path = Base.lproj/LaunchScreen.storyboard; sourceTree = "<group>"; };
		3F692F321C4CA1B900B0542E /* Info.plist */ = {isa = PBXFileReference; lastKnownFileType = text.plist.xml; path = Info.plist; sourceTree = "<group>"; };
		3F692F371C4CA1B900B0542E /* IMCITests.xctest */ = {isa = PBXFileReference; explicitFileType = wrapper.cfbundle; includeInIndex = 0; path = IMCITests.xctest; sourceTree = BUILT_PRODUCTS_DIR; };
		3F692F3B1C4CA1B900B0542E /* IMCITests.swift */ = {isa = PBXFileReference; lastKnownFileType = sourcecode.swift; path = IMCITests.swift; sourceTree = "<group>"; };
		3F692F3D1C4CA1B900B0542E /* Info.plist */ = {isa = PBXFileReference; lastKnownFileType = text.plist.xml; path = Info.plist; sourceTree = "<group>"; };
		3FF006B01C525AF5003F2D52 /* ScrollViewController.swift */ = {isa = PBXFileReference; fileEncoding = 4; lastKnownFileType = sourcecode.swift; path = ScrollViewController.swift; sourceTree = "<group>"; };
		3FF006B21C539069003F2D52 /* algorithm_for_early_diagnosis_hiv.png */ = {isa = PBXFileReference; lastKnownFileType = image.png; path = algorithm_for_early_diagnosis_hiv.png; sourceTree = "<group>"; };
/* End PBXFileReference section */

/* Begin PBXFrameworksBuildPhase section */
		3F692F201C4CA1B800B0542E /* Frameworks */ = {
			isa = PBXFrameworksBuildPhase;
			buildActionMask = 2147483647;
			files = (
			);
			runOnlyForDeploymentPostprocessing = 0;
		};
		3F692F341C4CA1B900B0542E /* Frameworks */ = {
			isa = PBXFrameworksBuildPhase;
			buildActionMask = 2147483647;
			files = (
			);
			runOnlyForDeploymentPostprocessing = 0;
		};
/* End PBXFrameworksBuildPhase section */

/* Begin PBXGroup section */
		3F692F1A1C4CA1B800B0542E = {
			isa = PBXGroup;
			children = (
				3F692F251C4CA1B900B0542E /* IMCI */,
				3F692F3A1C4CA1B900B0542E /* IMCITests */,
				3F692F241C4CA1B800B0542E /* Products */,
			);
			sourceTree = "<group>";
		};
		3F692F241C4CA1B800B0542E /* Products */ = {
			isa = PBXGroup;
			children = (
				3F692F231C4CA1B800B0542E /* IMCI.app */,
				3F692F371C4CA1B900B0542E /* IMCITests.xctest */,
			);
			name = Products;
			sourceTree = "<group>";
		};
		3F692F251C4CA1B900B0542E /* IMCI */ = {
			isa = PBXGroup;
			children = (
				3FF006B21C539069003F2D52 /* algorithm_for_early_diagnosis_hiv.png */,
				3F692F261C4CA1B900B0542E /* AppDelegate.swift */,
				3F692F281C4CA1B900B0542E /* ViewController.swift */,
				3F692F2A1C4CA1B900B0542E /* Main.storyboard */,
				3FF006B01C525AF5003F2D52 /* ScrollViewController.swift */,
				3F692F2F1C4CA1B900B0542E /* LaunchScreen.storyboard */,
				3F692F321C4CA1B900B0542E /* Info.plist */,
			);
			path = IMCI;
			sourceTree = "<group>";
		};
		3F692F3A1C4CA1B900B0542E /* IMCITests */ = {
			isa = PBXGroup;
			children = (
				3F692F3B1C4CA1B900B0542E /* IMCITests.swift */,
				3F692F3D1C4CA1B900B0542E /* Info.plist */,
			);
			path = IMCITests;
			sourceTree = "<group>";
		};
/* End PBXGroup section */

/* Begin PBXNativeTarget section */
		3F692F221C4CA1B800B0542E /* IMCI */ = {
			isa = PBXNativeTarget;
			buildConfigurationList = 3F692F401C4CA1B900B0542E /* Build configuration list for PBXNativeTarget "IMCI" */;
			buildPhases = (
				3F692F1F1C4CA1B800B0542E /* Sources */,
				3F692F201C4CA1B800B0542E /* Frameworks */,
				3F692F211C4CA1B800B0542E /* Resources */,
			);
			buildRules = (
			);
			dependencies = (
			);
			name = IMCI;
			productName = IMCI;
			productReference = 3F692F231C4CA1B800B0542E /* IMCI.app */;
			productType = "com.apple.product-type.application";
		};
		3F692F361C4CA1B900B0542E /* IMCITests */ = {
			isa = PBXNativeTarget;
			buildConfigurationList = 3F692F431C4CA1B900B0542E /* Build configuration list for PBXNativeTarget "IMCITests" */;
			buildPhases = (
				3F692F331C4CA1B900B0542E /* Sources */,
				3F692F341C4CA1B900B0542E /* Frameworks */,
				3F692F351C4CA1B900B0542E /* Resources */,
			);
			buildRules = (
			);
			dependencies = (
				3F692F391C4CA1B900B0542E /* PBXTargetDependency */,
			);
			name = IMCITests;
			productName = IMCITests;
			productReference = 3F692F371C4CA1B900B0542E /* IMCITests.xctest */;
			productType = "com.apple.product-type.bundle.unit-test";
		};
/* End PBXNativeTarget section */

/* Begin PBXProject section */
		3F692F1B1C4CA1B800B0542E /* Project object */ = {
			isa = PBXProject;
			attributes = {
				LastSwiftUpdateCheck = 0720;
				LastUpgradeCheck = 0720;
				ORGANIZATIONNAME = "Ministry of Health";
				TargetAttributes = {
					3F692F221C4CA1B800B0542E = {
						CreatedOnToolsVersion = 7.2;
						DevelopmentTeam = 5352LB9TF8;
					};
					3F692F361C4CA1B900B0542E = {
						CreatedOnToolsVersion = 7.2;
						DevelopmentTeam = 5352LB9TF8;
						TestTargetID = 3F692F221C4CA1B800B0542E;
					};
				};
			};
			buildConfigurationList = 3F692F1E1C4CA1B800B0542E /* Build configuration list for PBXProject "IMCI" */;
			compatibilityVersion = "Xcode 3.2";
			developmentRegion = English;
			hasScannedForEncodings = 0;
			knownRegions = (
				en,
				Base,
			);
			mainGroup = 3F692F1A1C4CA1B800B0542E;
			productRefGroup = 3F692F241C4CA1B800B0542E /* Products */;
			projectDirPath = "";
			projectRoot = "";
			targets = (
				3F692F221C4CA1B800B0542E /* IMCI */,
				3F692F361C4CA1B900B0542E /* IMCITests */,
			);
		};
/* End PBXProject section */

/* Begin PBXResourcesBuildPhase section */
		3F692F211C4CA1B800B0542E /* Resources */ = {
			isa = PBXResourcesBuildPhase;
			buildActionMask = 2147483647;
			files = (
				3F692F311C4CA1B900B0542E /* LaunchScreen.storyboard in Resources */,
				3F692F2C1C4CA1B900B0542E /* Main.storyboard in Resources */,
				3FF006B31C539069003F2D52 /* algorithm_for_early_diagnosis_hiv.png in Resources */,
			);
			runOnlyForDeploymentPostprocessing = 0;
		};
		3F692F351C4CA1B900B0542E /* Resources */ = {
			isa = PBXResourcesBuildPhase;
			buildActionMask = 2147483647;
			files = (
			);
			runOnlyForDeploymentPostprocessing = 0;
		};
/* End PBXResourcesBuildPhase section */

/* Begin PBXSourcesBuildPhase section */
		3F692F1F1C4CA1B800B0542E /* Sources */ = {
			isa = PBXSourcesBuildPhase;
			buildActionMask = 2147483647;
			files = (
				3F692F291C4CA1B900B0542E /* ViewController.swift in Sources */,
				3F692F271C4CA1B900B0542E /* AppDelegate.swift in Sources */,
				3FF006B11C525AF5003F2D52 /* ScrollViewController.swift in Sources */,
			);
			runOnlyForDeploymentPostprocessing = 0;
		};
		3F692F331C4CA1B900B0542E /* Sources */ = {
			isa = PBXSourcesBuildPhase;
			buildActionMask = 2147483647;
			files = (
				3F692F3C1C4CA1B900B0542E /* IMCITests.swift in Sources */,
			);
			runOnlyForDeploymentPostprocessing = 0;
		};
/* End PBXSourcesBuildPhase section */

/* Begin PBXTargetDependency section */
		3F692F391C4CA1B900B0542E /* PBXTargetDependency */ = {
			isa = PBXTargetDependency;
			target = 3F692F221C4CA1B800B0542E /* IMCI */;
			targetProxy = 3F692F381C4CA1B900B0542E /* PBXContainerItemProxy */;
		};
/* End PBXTargetDependency section */

/* Begin PBXVariantGroup section */
		3F692F2A1C4CA1B900B0542E /* Main.storyboard */ = {
			isa = PBXVariantGroup;
			children = (
				3F692F2B1C4CA1B900B0542E /* Base */,
			);
			name = Main.storyboard;
			sourceTree = "<group>";
		};
		3F692F2F1C4CA1B900B0542E /* LaunchScreen.storyboard */ = {
			isa = PBXVariantGroup;
			children = (
				3F692F301C4CA1B900B0542E /* Base */,
			);
			name = LaunchScreen.storyboard;
			sourceTree = "<group>";
		};
/* End PBXVariantGroup section */

/* Begin XCBuildConfiguration section */
		3F692F3E1C4CA1B900B0542E /* Debug */ = {
			isa = XCBuildConfiguration;
			buildSettings = {
				ALWAYS_SEARCH_USER_PATHS = NO;
				CLANG_CXX_LANGUAGE_STANDARD = "gnu++0x";
				CLANG_CXX_LIBRARY = "libc++";
				CLANG_ENABLE_MODULES = YES;
				CLANG_ENABLE_OBJC_ARC = YES;
				CLANG_WARN_BOOL_CONVERSION = YES;
				CLANG_WARN_CONSTANT_CONVERSION = YES;
				CLANG_WARN_DIRECT_OBJC_ISA_USAGE = YES_ERROR;
				CLANG_WARN_EMPTY_BODY = YES;
				CLANG_WARN_ENUM_CONVERSION = YES;
				CLANG_WARN_INT_CONVERSION = YES;
				CLANG_WARN_OBJC_ROOT_CLASS = YES_ERROR;
				CLANG_WARN_UNREACHABLE_CODE = YES;
				CLANG_WARN__DUPLICATE_METHOD_MATCH = YES;
				"CODE_SIGN_IDENTITY[sdk=iphoneos*]" = "iPhone Developer";
				COPY_PHASE_STRIP = NO;
				DEBUG_INFORMATION_FORMAT = dwarf;
				ENABLE_STRICT_OBJC_MSGSEND = YES;
				ENABLE_TESTABILITY = YES;
				GCC_C_LANGUAGE_STANDARD = gnu99;
				GCC_DYNAMIC_NO_PIC = NO;
				GCC_NO_COMMON_BLOCKS = YES;
				GCC_OPTIMIZATION_LEVEL = 0;
				GCC_PREPROCESSOR_DEFINITIONS = (
					"DEBUG=1",
					"$(inherited)",
				);
				GCC_WARN_64_TO_32_BIT_CONVERSION = YES;
				GCC_WARN_ABOUT_RETURN_TYPE = YES_ERROR;
				GCC_WARN_UNDECLARED_SELECTOR = YES;
				GCC_WARN_UNINITIALIZED_AUTOS = YES_AGGRESSIVE;
				GCC_WARN_UNUSED_FUNCTION = YES;
				GCC_WARN_UNUSED_VARIABLE = YES;
				IPHONEOS_DEPLOYMENT_TARGET = 9.2;
				MTL_ENABLE_DEBUG_INFO = YES;
				ONLY_ACTIVE_ARCH = YES;
				SDKROOT = iphoneos;
				SWIFT_OPTIMIZATION_LEVEL = "-Onone";
				TARGETED_DEVICE_FAMILY = "1,2";
			};
			name = Debug;
		};
		3F692F3F1C4CA1B900B0542E /* Release */ = {
			isa = XCBuildConfiguration;
			buildSettings = {
				ALWAYS_SEARCH_USER_PATHS = NO;
				CLANG_CXX_LANGUAGE_STANDARD = "gnu++0x";
				CLANG_CXX_LIBRARY = "libc++";
				CLANG_ENABLE_MODULES = YES;
				CLANG_ENABLE_OBJC_ARC = YES;
				CLANG_WARN_BOOL_CONVERSION = YES;
				CLANG_WARN_CONSTANT_CONVERSION = YES;
				CLANG_WARN_DIRECT_OBJC_ISA_USAGE = YES_ERROR;
				CLANG_WARN_EMPTY_BODY = YES;
				CLANG_WARN_ENUM_CONVERSION = YES;
				CLANG_WARN_INT_CONVERSION = YES;
				CLANG_WARN_OBJC_ROOT_CLASS = YES_ERROR;
				CLANG_WARN_UNREACHABLE_CODE = YES;
				CLANG_WARN__DUPLICATE_METHOD_MATCH = YES;
				"CODE_SIGN_IDENTITY[sdk=iphoneos*]" = "iPhone Developer";
				COPY_PHASE_STRIP = NO;
				DEBUG_INFORMATION_FORMAT = "dwarf-with-dsym";
				ENABLE_NS_ASSERTIONS = NO;
				ENABLE_STRICT_OBJC_MSGSEND = YES;
				GCC_C_LANGUAGE_STANDARD = gnu99;
				GCC_NO_COMMON_BLOCKS = YES;
				GCC_WARN_64_TO_32_BIT_CONVERSION = YES;
				GCC_WARN_ABOUT_RETURN_TYPE = YES_ERROR;
				GCC_WARN_UNDECLARED_SELECTOR = YES;
				GCC_WARN_UNINITIALIZED_AUTOS = YES_AGGRESSIVE;
				GCC_WARN_UNUSED_FUNCTION = YES;
				GCC_WARN_UNUSED_VARIABLE = YES;
				IPHONEOS_DEPLOYMENT_TARGET = 9.2;
				MTL_ENABLE_DEBUG_INFO = NO;
				SDKROOT = iphoneos;
				TARGETED_DEVICE_FAMILY = "1,2";
				VALIDATE_PRODUCT = YES;
			};
			name = Release;
		};
		3F692F411C4CA1B900B0542E /* Debug */ = {
			isa = XCBuildConfiguration;
			buildSettings = {
				ASSETCATALOG_COMPILER_APPICON_NAME = AppIcon;
				INFOPLIST_FILE = IMCI/Info.plist;
				LD_RUNPATH_SEARCH_PATHS = "$(inherited) @executable_path/Frameworks";
				PRODUCT_BUNDLE_IDENTIFIER = MoH.org.IMCI;
				PRODUCT_NAME = "$(TARGET_NAME)";
			};
			name = Debug;
		};
		3F692F421C4CA1B900B0542E /* Release */ = {
			isa = XCBuildConfiguration;
			buildSettings = {
				ASSETCATALOG_COMPILER_APPICON_NAME = AppIcon;
				INFOPLIST_FILE = IMCI/Info.plist;
				LD_RUNPATH_SEARCH_PATHS = "$(inherited) @executable_path/Frameworks";
				PRODUCT_BUNDLE_IDENTIFIER = MoH.org.IMCI;
				PRODUCT_NAME = "$(TARGET_NAME)";
			};
			name = Release;
		};
		3F692F441C4CA1B900B0542E /* Debug */ = {
			isa = XCBuildConfiguration;
			buildSettings = {
				BUNDLE_LOADER = "$(TEST_HOST)";
				INFOPLIST_FILE = IMCITests/Info.plist;
				LD_RUNPATH_SEARCH_PATHS = "$(inherited) @executable_path/Frameworks @loader_path/Frameworks";
				PRODUCT_BUNDLE_IDENTIFIER = MoH.org.IMCITests;
				PRODUCT_NAME = "$(TARGET_NAME)";
				TEST_HOST = "$(BUILT_PRODUCTS_DIR)/IMCI.app/IMCI";
			};
			name = Debug;
		};
		3F692F451C4CA1B900B0542E /* Release */ = {
			isa = XCBuildConfiguration;
			buildSettings = {
				BUNDLE_LOADER = "$(TEST_HOST)";
				INFOPLIST_FILE = IMCITests/Info.plist;
				LD_RUNPATH_SEARCH_PATHS = "$(inherited) @executable_path/Frameworks @loader_path/Frameworks";
				PRODUCT_BUNDLE_IDENTIFIER = MoH.org.IMCITests;
				PRODUCT_NAME = "$(TARGET_NAME)";
				TEST_HOST = "$(BUILT_PRODUCTS_DIR)/IMCI.app/IMCI";
			};
			name = Release;
		};
/* End XCBuildConfiguration section */

/* Begin XCConfigurationList section */
		3F692F1E1C4CA1B800B0542E /* Build configuration list for PBXProject "IMCI" */ = {
			isa = XCConfigurationList;
			buildConfigurations = (
				3F692F3E1C4CA1B900B0542E /* Debug */,
				3F692F3F1C4CA1B900B0542E /* Release */,
			);
			defaultConfigurationIsVisible = 0;
			defaultConfigurationName = Release;
		};
		3F692F401C4CA1B900B0542E /* Build configuration list for PBXNativeTarget "IMCI" */ = {
			isa = XCConfigurationList;
			buildConfigurations = (
				3F692F411C4CA1B900B0542E /* Debug */,
				3F692F421C4CA1B900B0542E /* Release */,
			);
			defaultConfigurationIsVisible = 0;
			defaultConfigurationName = Release;
		};
		3F692F431C4CA1B900B0542E /* Build configuration list for PBXNativeTarget "IMCITests" */ = {
			isa = XCConfigurationList;
			buildConfigurations = (
				3F692F441C4CA1B900B0542E /* Debug */,
				3F692F451C4CA1B900B0542E /* Release */,
			);
			defaultConfigurationIsVisible = 0;
			defaultConfigurationName = Release;
		};
/* End XCConfigurationList section */
	};
	rootObject = 3F692F1B1C4CA1B800B0542E /* Project object */;
}
